
Microsoft Visual Studio Solution File, Format Version 12.00
# Visual Studio Version 17
VisualStudioVersion = 17.4.33213.308
MinimumVisualStudioVersion = 10.0.40219.1
Project("{FAE04EC0-301F-11D3-BF4B-00C04F79EFBC}") = "displayNetwork", "displayNetwork\displayNetwork.csproj", "{379C770E-7754-46C8-8A59-04823771B550}"
EndProject
Global
	GlobalSection(SolutionConfigurationPlatforms) = preSolution
		Debug|Any CPU = Debug|Any CPU
		Release|Any CPU = Release|Any CPU
	EndGlobalSection
	GlobalSection(ProjectConfigurationPlatforms) = postSolution
		{379C770E-7754-46C8-8A59-04823771B550}.Debug|Any CPU.ActiveCfg = Debug|Any CPU
		{379C770E-7754-46C8-8A59-04823771B550}.Debug|Any CPU.Build.0 = Debug|Any CPU
		{379C770E-7754-46C8-8A59-04823771B550}.Release|Any CPU.ActiveCfg = Release|Any CPU
		{379C770E-7754-46C8-8A59-04823771B550}.Release|Any CPU.Build.0 = Release|Any CPU
	EndGlobalSection
	GlobalSection(SolutionProperties) = preSolution
		HideSolutionNode = FALSE
	EndGlobalSection
	GlobalSection(ExtensibilityGlobals) = postSolution
		SolutionGuid = {CBE9C4E3-BC28-480F-AEB8-9ED149E3AC6F}
	EndGlobalSection
EndGlobal
